{
  "name": "race-tracker",
  "version": "1.0.0",
  "lockfileVersion": 1,
  "requires": true,
  "dependencies": {
    "is-invalid-path": {
      "version": "1.0.2",
      "resolved": "https://registry.npmjs.org/is-invalid-path/-/is-invalid-path-1.0.2.tgz",
      "integrity": "sha512-6KLcFrPCEP3AFXMfnWrIFkZpYNBVzZAoBJJDEZKtI3LXkaDjM3uFMJQjxiizUuZTZ9Oh9FNv/soXbx5TcpaDmA=="
    },
    "lodash.groupby": {
      "version": "4.6.0",
      "resolved": "https://registry.npmjs.org/lodash.groupby/-/lodash.groupby-4.6.0.tgz",
      "integrity": "sha1-Cwih3PaDl8OXhVwyOXg4Mt90A9E="
    },
    "moment": {
      "version": "2.24.0",
      "resolved": "https://registry.npmjs.org/moment/-/moment-2.24.0.tgz",
      "integrity": "sha512-bV7f+6l2QigeBBZSM/6yTNq4P2fNpSWj/0e7jQcy87A8e7o2nAfP/34/2ky5Vw4B9S446EtIhodAzkFCcR4dQg=="
    }
  }
}
